
Microsoft Visual Studio Solution File, Format Version 12.00
Project("{FAE04EC0-301F-11D3-BF4B-00C04F79EFBC}") = "CirclesLand.Pathfinder.Worker", "CirclesLand.Pathfinder.Worker\CirclesLand.Pathfinder.Worker.csproj", "{C6F2D3D5-4EBF-4A6B-89A2-CF46348ECBC0}"
EndProject
Project("{FAE04EC0-301F-11D3-BF4B-00C04F79EFBC}") = "CirclesLand.Pathfinder.ImportExport", "CirclesLand.Pathfinder.ImportExport\CirclesLand.Pathfinder.ImportExport.csproj", "{9ABE77E6-CAF1-4EB1-9750-19C572AA05B5}"
EndProject
Project("{FAE04EC0-301F-11D3-BF4B-00C04F79EFBC}") = "CirclesLand.Pathfinder.LibPathfinder", "CirclesLand.Pathfinder.LibPathfinder\CirclesLand.Pathfinder.LibPathfinder.csproj", "{3EF82B95-0CC2-43FA-8A87-6A7A234EEA8A}"
EndProject
Project("{FAE04EC0-301F-11D3-BF4B-00C04F79EFBC}") = "CirclesLand.Pathfinder.Tests", "CirclesLand.Pathfinder.Tests\CirclesLand.Pathfinder.Tests.csproj", "{B103BBD8-51A8-4F33-B4A3-D44E817F4048}"
EndProject
Global
	GlobalSection(SolutionConfigurationPlatforms) = preSolution
		Debug|Any CPU = Debug|Any CPU
		Release|Any CPU = Release|Any CPU
	EndGlobalSection
	GlobalSection(ProjectConfigurationPlatforms) = postSolution
		{C6F2D3D5-4EBF-4A6B-89A2-CF46348ECBC0}.Debug|Any CPU.ActiveCfg = Debug|Any CPU
		{C6F2D3D5-4EBF-4A6B-89A2-CF46348ECBC0}.Debug|Any CPU.Build.0 = Debug|Any CPU
		{C6F2D3D5-4EBF-4A6B-89A2-CF46348ECBC0}.Release|Any CPU.ActiveCfg = Release|Any CPU
		{C6F2D3D5-4EBF-4A6B-89A2-CF46348ECBC0}.Release|Any CPU.Build.0 = Release|Any CPU
		{9ABE77E6-CAF1-4EB1-9750-19C572AA05B5}.Debug|Any CPU.ActiveCfg = Debug|Any CPU
		{9ABE77E6-CAF1-4EB1-9750-19C572AA05B5}.Debug|Any CPU.Build.0 = Debug|Any CPU
		{9ABE77E6-CAF1-4EB1-9750-19C572AA05B5}.Release|Any CPU.ActiveCfg = Release|Any CPU
		{9ABE77E6-CAF1-4EB1-9750-19C572AA05B5}.Release|Any CPU.Build.0 = Release|Any CPU
		{3EF82B95-0CC2-43FA-8A87-6A7A234EEA8A}.Debug|Any CPU.ActiveCfg = Debug|Any CPU
		{3EF82B95-0CC2-43FA-8A87-6A7A234EEA8A}.Debug|Any CPU.Build.0 = Debug|Any CPU
		{3EF82B95-0CC2-43FA-8A87-6A7A234EEA8A}.Release|Any CPU.ActiveCfg = Release|Any CPU
		{3EF82B95-0CC2-43FA-8A87-6A7A234EEA8A}.Release|Any CPU.Build.0 = Release|Any CPU
		{B103BBD8-51A8-4F33-B4A3-D44E817F4048}.Debug|Any CPU.ActiveCfg = Debug|Any CPU
		{B103BBD8-51A8-4F33-B4A3-D44E817F4048}.Debug|Any CPU.Build.0 = Debug|Any CPU
		{B103BBD8-51A8-4F33-B4A3-D44E817F4048}.Release|Any CPU.ActiveCfg = Release|Any CPU
		{B103BBD8-51A8-4F33-B4A3-D44E817F4048}.Release|Any CPU.Build.0 = Release|Any CPU
	EndGlobalSection
EndGlobal
